
Microsoft Visual Studio Solution File, Format Version 12.00
# Visual Studio Version 17
VisualStudioVersion = 17.13.35931.197
MinimumVisualStudioVersion = 10.0.40219.1
Project("{FAE04EC0-301F-11D3-BF4B-00C04F79EFBC}") = "Conditionals", "HelloWorld\Conditionals.csproj", "{AD31F8FB-0386-4367-A2E8-1C04231A414A}"
EndProject
Project("{FAE04EC0-301F-11D3-BF4B-00C04F79EFBC}") = "Iteration", "Interation\Iteration.csproj", "{0E3AACF0-1EB5-4B1F-AC13-3E20AB56DC36}"
EndProject
Project("{FAE04EC0-301F-11D3-BF4B-00C04F79EFBC}") = "Arrays", "Arrays\Arrays.csproj", "{16BD7731-EEB6-4D59-9DEC-EE0698B7C200}"
EndProject
Project("{FAE04EC0-301F-11D3-BF4B-00C04F79EFBC}") = "SimpleMethod", "SimpleMethod\SimpleMethod.csproj", "{008EF0B2-B927-40F5-97D4-415C6DF97A8C}"
EndProject
Project("{FAE04EC0-301F-11D3-BF4B-00C04F79EFBC}") = "WhileIteration", "WhileInteration\WhileIteration.csproj", "{211CBA4E-9A1D-431B-A1B3-2CAF2622094E}"
EndProject
Global
	GlobalSection(SolutionConfigurationPlatforms) = preSolution
		Debug|Any CPU = Debug|Any CPU
		Release|Any CPU = Release|Any CPU
	EndGlobalSection
	GlobalSection(ProjectConfigurationPlatforms) = postSolution
		{AD31F8FB-0386-4367-A2E8-1C04231A414A}.Debug|Any CPU.ActiveCfg = Debug|Any CPU
		{AD31F8FB-0386-4367-A2E8-1C04231A414A}.Debug|Any CPU.Build.0 = Debug|Any CPU
		{AD31F8FB-0386-4367-A2E8-1C04231A414A}.Release|Any CPU.ActiveCfg = Release|Any CPU
		{AD31F8FB-0386-4367-A2E8-1C04231A414A}.Release|Any CPU.Build.0 = Release|Any CPU
		{0E3AACF0-1EB5-4B1F-AC13-3E20AB56DC36}.Debug|Any CPU.ActiveCfg = Debug|Any CPU
		{0E3AACF0-1EB5-4B1F-AC13-3E20AB56DC36}.Debug|Any CPU.Build.0 = Debug|Any CPU
		{0E3AACF0-1EB5-4B1F-AC13-3E20AB56DC36}.Release|Any CPU.ActiveCfg = Release|Any CPU
		{0E3AACF0-1EB5-4B1F-AC13-3E20AB56DC36}.Release|Any CPU.Build.0 = Release|Any CPU
		{16BD7731-EEB6-4D59-9DEC-EE0698B7C200}.Debug|Any CPU.ActiveCfg = Debug|Any CPU
		{16BD7731-EEB6-4D59-9DEC-EE0698B7C200}.Debug|Any CPU.Build.0 = Debug|Any CPU
		{16BD7731-EEB6-4D59-9DEC-EE0698B7C200}.Release|Any CPU.ActiveCfg = Release|Any CPU
		{16BD7731-EEB6-4D59-9DEC-EE0698B7C200}.Release|Any CPU.Build.0 = Release|Any CPU
		{008EF0B2-B927-40F5-97D4-415C6DF97A8C}.Debug|Any CPU.ActiveCfg = Debug|Any CPU
		{008EF0B2-B927-40F5-97D4-415C6DF97A8C}.Debug|Any CPU.Build.0 = Debug|Any CPU
		{008EF0B2-B927-40F5-97D4-415C6DF97A8C}.Release|Any CPU.ActiveCfg = Release|Any CPU
		{008EF0B2-B927-40F5-97D4-415C6DF97A8C}.Release|Any CPU.Build.0 = Release|Any CPU
		{211CBA4E-9A1D-431B-A1B3-2CAF2622094E}.Debug|Any CPU.ActiveCfg = Debug|Any CPU
		{211CBA4E-9A1D-431B-A1B3-2CAF2622094E}.Debug|Any CPU.Build.0 = Debug|Any CPU
		{211CBA4E-9A1D-431B-A1B3-2CAF2622094E}.Release|Any CPU.ActiveCfg = Release|Any CPU
		{211CBA4E-9A1D-431B-A1B3-2CAF2622094E}.Release|Any CPU.Build.0 = Release|Any CPU
	EndGlobalSection
	GlobalSection(SolutionProperties) = preSolution
		HideSolutionNode = FALSE
	EndGlobalSection
	GlobalSection(ExtensibilityGlobals) = postSolution
		SolutionGuid = {E6AC36B0-09DD-470D-97A2-3ECDFC259D92}
	EndGlobalSection
EndGlobal
